{
  "originHash" : "24a0e59f795cf5b65da6414ae686d0be6bc10ced861f8bafb5740bbe156c1f13",
  "pins" : [
    {
      "identity" : "apiinteractor",
      "kind" : "remoteSourceControl",
      "location" : "https://github.com/EthanDB17/APIInteractor",
      "state" : {
        "branch" : "main",
        "revision" : "c99a1d57c18d9fdc0e1ae046d92f48e88d4522f5"
      }
    },
    {
      "identity" : "kingfisher",
      "kind" : "remoteSourceControl",
      "location" : "https://github.com/onevcat/Kingfisher.git",
      "state" : {
        "revision" : "b132babaf92ae4e4352e4918770427b345887e82"
      }
    }
  ],
  "version" : 3
}
