{
  "originHash" : "9434e058ea002944ec5b031e500922fdac684a3c646f63b25438955f7a6e7029",
  "pins" : [
    {
      "identity" : "kingfisher",
      "kind" : "remoteSourceControl",
      "location" : "https://github.com/onevcat/Kingfisher.git",
      "state" : {
        "revision" : "b132babaf92ae4e4352e4918770427b345887e82"
      }
    }
  ],
  "version" : 3
}
