// !$*UTF8*$!
{
	archiveVersion = 1;
	classes = {
	};
	objectVersion = 60;
	objects = {

/* Begin PBXBuildFile section */
		372B70B22C5169DE009A6D0F /* APIInteractor in Resources */ = {isa = PBXBuildFile; fileRef = 372B70B12C5169DE009A6D0F /* APIInteractor */; };
		376D2CC52C4740A000424544 /* APIInteractor in Frameworks */ = {isa = PBXBuildFile; productRef = 376D2CC42C4740A000424544 /* APIInteractor */; };
		376D2CCC2C4742E100424544 /* APIInteractor in Frameworks */ = {isa = PBXBuildFile; productRef = 376D2CCB2C4742E100424544 /* APIInteractor */; };
		37759C1A2C3C54D600B839F6 /* DBZ_GuideApp.swift in Sources */ = {isa = PBXBuildFile; fileRef = 37759C192C3C54D600B839F6 /* DBZ_GuideApp.swift */; };
		37759C1C2C3C54D600B839F6 /* ContentView.swift in Sources */ = {isa = PBXBuildFile; fileRef = 37759C1B2C3C54D600B839F6 /* ContentView.swift */; };
		37759C1E2C3C54D700B839F6 /* Assets.xcassets in Resources */ = {isa = PBXBuildFile; fileRef = 37759C1D2C3C54D700B839F6 /* Assets.xcassets */; };
		37759C222C3C54D700B839F6 /* Preview Assets.xcassets in Resources */ = {isa = PBXBuildFile; fileRef = 37759C212C3C54D700B839F6 /* Preview Assets.xcassets */; };
		37759C2C2C3C54D700B839F6 /* DBZ_GuideTests.swift in Sources */ = {isa = PBXBuildFile; fileRef = 37759C2B2C3C54D700B839F6 /* DBZ_GuideTests.swift */; };
		37759C362C3C54D700B839F6 /* DBZ_GuideUITests.swift in Sources */ = {isa = PBXBuildFile; fileRef = 37759C352C3C54D700B839F6 /* DBZ_GuideUITests.swift */; };
		37759C382C3C54D700B839F6 /* DBZ_GuideUITestsLaunchTests.swift in Sources */ = {isa = PBXBuildFile; fileRef = 37759C372C3C54D700B839F6 /* DBZ_GuideUITestsLaunchTests.swift */; };
		378A76AA2C517637008E199E /* Theme.swift in Sources */ = {isa = PBXBuildFile; fileRef = 378A76A92C517637008E199E /* Theme.swift */; };
		378A76AD2C5176C7008E199E /* UIColor+Extensions.swift in Sources */ = {isa = PBXBuildFile; fileRef = 378A76AC2C5176C7008E199E /* UIColor+Extensions.swift */; };
		378A76AF2C51774A008E199E /* Color+Extensions.swift in Sources */ = {isa = PBXBuildFile; fileRef = 378A76AE2C51774A008E199E /* Color+Extensions.swift */; };
		378B1DFC2C3C57E700F644D7 /* HomeTabView.swift in Sources */ = {isa = PBXBuildFile; fileRef = 378B1DFB2C3C57E700F644D7 /* HomeTabView.swift */; };
		378B1E012C3C5D1F00F644D7 /* EndpointProvider.swift in Sources */ = {isa = PBXBuildFile; fileRef = 378B1E002C3C5D1F00F644D7 /* EndpointProvider.swift */; };
		378B1E062C3C5F2D00F644D7 /* Character.swift in Sources */ = {isa = PBXBuildFile; fileRef = 378B1E052C3C5F2D00F644D7 /* Character.swift */; };
		378B1E0A2C3C623500F644D7 /* Planet.swift in Sources */ = {isa = PBXBuildFile; fileRef = 378B1E092C3C623500F644D7 /* Planet.swift */; };
		378B1E0C2C3C62B100F644D7 /* Transformation.swift in Sources */ = {isa = PBXBuildFile; fileRef = 378B1E0B2C3C62B100F644D7 /* Transformation.swift */; };
		378B1E102C3C640600F644D7 /* ApiService.swift in Sources */ = {isa = PBXBuildFile; fileRef = 378B1E0F2C3C640600F644D7 /* ApiService.swift */; };
		378B1E122C3C658100F644D7 /* GenericPagedResponse.swift in Sources */ = {isa = PBXBuildFile; fileRef = 378B1E112C3C658100F644D7 /* GenericPagedResponse.swift */; };
		378B1E992C3CDBDE00F644D7 /* DBZEndpoint.swift in Sources */ = {isa = PBXBuildFile; fileRef = 378B1E982C3CDBDE00F644D7 /* DBZEndpoint.swift */; };
		378B1E9D2C3CE25100F644D7 /* AppError.swift in Sources */ = {isa = PBXBuildFile; fileRef = 378B1E9C2C3CE25100F644D7 /* AppError.swift */; };
		378B1E9F2C3D943C00F644D7 /* APIParameterProvider.swift in Sources */ = {isa = PBXBuildFile; fileRef = 378B1E9E2C3D943C00F644D7 /* APIParameterProvider.swift */; };
		378B1EA12C3D9C0600F644D7 /* CharacterList.swift in Sources */ = {isa = PBXBuildFile; fileRef = 378B1EA02C3D9C0600F644D7 /* CharacterList.swift */; };
		378B1EA42C3D9CB300F644D7 /* CharacterCard.swift in Sources */ = {isa = PBXBuildFile; fileRef = 378B1EA32C3D9CB300F644D7 /* CharacterCard.swift */; };
		378B1EA72C3D9CCF00F644D7 /* CharacterCardViewModel.swift in Sources */ = {isa = PBXBuildFile; fileRef = 378B1EA62C3D9CCF00F644D7 /* CharacterCardViewModel.swift */; };
		378B1EAA2C3D9F4000F644D7 /* Kingfisher in Frameworks */ = {isa = PBXBuildFile; productRef = 378B1EA92C3D9F4000F644D7 /* Kingfisher */; };
		37EC737F2C5ABC9000FBACB0 /* CharacterListViewModel.swift in Sources */ = {isa = PBXBuildFile; fileRef = 37EC737E2C5ABC9000FBACB0 /* CharacterListViewModel.swift */; };
		37EC73812C5ABF6500FBACB0 /* PageManager.swift in Sources */ = {isa = PBXBuildFile; fileRef = 37EC73802C5ABF6500FBACB0 /* PageManager.swift */; };
		37EC73862C5AC6B000FBACB0 /* CharacterInteractor.swift in Sources */ = {isa = PBXBuildFile; fileRef = 37EC73852C5AC6B000FBACB0 /* CharacterInteractor.swift */; };
		37EC738B2C5BF0CA00FBACB0 /* DeviceType.swift in Sources */ = {isa = PBXBuildFile; fileRef = 37EC738A2C5BF0CA00FBACB0 /* DeviceType.swift */; };
/* End PBXBuildFile section */

/* Begin PBXContainerItemProxy section */
		37759C282C3C54D700B839F6 /* PBXContainerItemProxy */ = {
			isa = PBXContainerItemProxy;
			containerPortal = 37759C0E2C3C54D600B839F6 /* Project object */;
			proxyType = 1;
			remoteGlobalIDString = 37759C152C3C54D600B839F6;
			remoteInfo = "DBZ-Guide";
		};
		37759C322C3C54D700B839F6 /* PBXContainerItemProxy */ = {
			isa = PBXContainerItemProxy;
			containerPortal = 37759C0E2C3C54D600B839F6 /* Project object */;
			proxyType = 1;
			remoteGlobalIDString = 37759C152C3C54D600B839F6;
			remoteInfo = "DBZ-Guide";
		};
/* End PBXContainerItemProxy section */

/* Begin PBXFileReference section */
		372B70B12C5169DE009A6D0F /* APIInteractor */ = {isa = PBXFileReference; lastKnownFileType = wrapper; name = APIInteractor; path = ../../../APIInteractor; sourceTree = "<group>"; };
		37759C162C3C54D600B839F6 /* DBZ-Guide.app */ = {isa = PBXFileReference; explicitFileType = wrapper.application; includeInIndex = 0; path = "DBZ-Guide.app"; sourceTree = BUILT_PRODUCTS_DIR; };
		37759C192C3C54D600B839F6 /* DBZ_GuideApp.swift */ = {isa = PBXFileReference; lastKnownFileType = sourcecode.swift; path = DBZ_GuideApp.swift; sourceTree = "<group>"; };
		37759C1B2C3C54D600B839F6 /* ContentView.swift */ = {isa = PBXFileReference; lastKnownFileType = sourcecode.swift; path = ContentView.swift; sourceTree = "<group>"; };
		37759C1D2C3C54D700B839F6 /* Assets.xcassets */ = {isa = PBXFileReference; lastKnownFileType = folder.assetcatalog; path = Assets.xcassets; sourceTree = "<group>"; };
		37759C1F2C3C54D700B839F6 /* DBZ_Guide.entitlements */ = {isa = PBXFileReference; lastKnownFileType = text.plist.entitlements; path = DBZ_Guide.entitlements; sourceTree = "<group>"; };
		37759C212C3C54D700B839F6 /* Preview Assets.xcassets */ = {isa = PBXFileReference; lastKnownFileType = folder.assetcatalog; path = "Preview Assets.xcassets"; sourceTree = "<group>"; };
		37759C272C3C54D700B839F6 /* DBZ-GuideTests.xctest */ = {isa = PBXFileReference; explicitFileType = wrapper.cfbundle; includeInIndex = 0; path = "DBZ-GuideTests.xctest"; sourceTree = BUILT_PRODUCTS_DIR; };
		37759C2B2C3C54D700B839F6 /* DBZ_GuideTests.swift */ = {isa = PBXFileReference; lastKnownFileType = sourcecode.swift; path = DBZ_GuideTests.swift; sourceTree = "<group>"; };
		37759C312C3C54D700B839F6 /* DBZ-GuideUITests.xctest */ = {isa = PBXFileReference; explicitFileType = wrapper.cfbundle; includeInIndex = 0; path = "DBZ-GuideUITests.xctest"; sourceTree = BUILT_PRODUCTS_DIR; };
		37759C352C3C54D700B839F6 /* DBZ_GuideUITests.swift */ = {isa = PBXFileReference; lastKnownFileType = sourcecode.swift; path = DBZ_GuideUITests.swift; sourceTree = "<group>"; };
		37759C372C3C54D700B839F6 /* DBZ_GuideUITestsLaunchTests.swift */ = {isa = PBXFileReference; lastKnownFileType = sourcecode.swift; path = DBZ_GuideUITestsLaunchTests.swift; sourceTree = "<group>"; };
		378A76A92C517637008E199E /* Theme.swift */ = {isa = PBXFileReference; lastKnownFileType = sourcecode.swift; path = Theme.swift; sourceTree = "<group>"; };
		378A76AC2C5176C7008E199E /* UIColor+Extensions.swift */ = {isa = PBXFileReference; lastKnownFileType = sourcecode.swift; path = "UIColor+Extensions.swift"; sourceTree = "<group>"; };
		378A76AE2C51774A008E199E /* Color+Extensions.swift */ = {isa = PBXFileReference; lastKnownFileType = sourcecode.swift; path = "Color+Extensions.swift"; sourceTree = "<group>"; };
		378B1DFB2C3C57E700F644D7 /* HomeTabView.swift */ = {isa = PBXFileReference; lastKnownFileType = sourcecode.swift; path = HomeTabView.swift; sourceTree = "<group>"; };
		378B1E002C3C5D1F00F644D7 /* EndpointProvider.swift */ = {isa = PBXFileReference; lastKnownFileType = sourcecode.swift; path = EndpointProvider.swift; sourceTree = "<group>"; };
		378B1E052C3C5F2D00F644D7 /* Character.swift */ = {isa = PBXFileReference; lastKnownFileType = sourcecode.swift; path = Character.swift; sourceTree = "<group>"; };
		378B1E092C3C623500F644D7 /* Planet.swift */ = {isa = PBXFileReference; lastKnownFileType = sourcecode.swift; path = Planet.swift; sourceTree = "<group>"; };
		378B1E0B2C3C62B100F644D7 /* Transformation.swift */ = {isa = PBXFileReference; lastKnownFileType = sourcecode.swift; path = Transformation.swift; sourceTree = "<group>"; };
		378B1E0F2C3C640600F644D7 /* ApiService.swift */ = {isa = PBXFileReference; lastKnownFileType = sourcecode.swift; path = ApiService.swift; sourceTree = "<group>"; };
		378B1E112C3C658100F644D7 /* GenericPagedResponse.swift */ = {isa = PBXFileReference; lastKnownFileType = sourcecode.swift; path = GenericPagedResponse.swift; sourceTree = "<group>"; };
		378B1E982C3CDBDE00F644D7 /* DBZEndpoint.swift */ = {isa = PBXFileReference; lastKnownFileType = sourcecode.swift; path = DBZEndpoint.swift; sourceTree = "<group>"; };
		378B1E9C2C3CE25100F644D7 /* AppError.swift */ = {isa = PBXFileReference; lastKnownFileType = sourcecode.swift; path = AppError.swift; sourceTree = "<group>"; };
		378B1E9E2C3D943C00F644D7 /* APIParameterProvider.swift */ = {isa = PBXFileReference; lastKnownFileType = sourcecode.swift; path = APIParameterProvider.swift; sourceTree = "<group>"; };
		378B1EA02C3D9C0600F644D7 /* CharacterList.swift */ = {isa = PBXFileReference; lastKnownFileType = sourcecode.swift; path = CharacterList.swift; sourceTree = "<group>"; };
		378B1EA32C3D9CB300F644D7 /* CharacterCard.swift */ = {isa = PBXFileReference; lastKnownFileType = sourcecode.swift; path = CharacterCard.swift; sourceTree = "<group>"; };
		378B1EA62C3D9CCF00F644D7 /* CharacterCardViewModel.swift */ = {isa = PBXFileReference; lastKnownFileType = sourcecode.swift; path = CharacterCardViewModel.swift; sourceTree = "<group>"; };
		37EC737E2C5ABC9000FBACB0 /* CharacterListViewModel.swift */ = {isa = PBXFileReference; lastKnownFileType = sourcecode.swift; path = CharacterListViewModel.swift; sourceTree = "<group>"; };
		37EC73802C5ABF6500FBACB0 /* PageManager.swift */ = {isa = PBXFileReference; lastKnownFileType = sourcecode.swift; path = PageManager.swift; sourceTree = "<group>"; };
		37EC73852C5AC6B000FBACB0 /* CharacterInteractor.swift */ = {isa = PBXFileReference; lastKnownFileType = sourcecode.swift; path = CharacterInteractor.swift; sourceTree = "<group>"; };
		37EC738A2C5BF0CA00FBACB0 /* DeviceType.swift */ = {isa = PBXFileReference; lastKnownFileType = sourcecode.swift; path = DeviceType.swift; sourceTree = "<group>"; };
/* End PBXFileReference section */

/* Begin PBXFrameworksBuildPhase section */
		37759C132C3C54D600B839F6 /* Frameworks */ = {
			isa = PBXFrameworksBuildPhase;
			buildActionMask = 2147483647;
			files = (
				376D2CC52C4740A000424544 /* APIInteractor in Frameworks */,
				376D2CCC2C4742E100424544 /* APIInteractor in Frameworks */,
				378B1EAA2C3D9F4000F644D7 /* Kingfisher in Frameworks */,
			);
			runOnlyForDeploymentPostprocessing = 0;
		};
		37759C242C3C54D700B839F6 /* Frameworks */ = {
			isa = PBXFrameworksBuildPhase;
			buildActionMask = 2147483647;
			files = (
			);
			runOnlyForDeploymentPostprocessing = 0;
		};
		37759C2E2C3C54D700B839F6 /* Frameworks */ = {
			isa = PBXFrameworksBuildPhase;
			buildActionMask = 2147483647;
			files = (
			);
			runOnlyForDeploymentPostprocessing = 0;
		};
/* End PBXFrameworksBuildPhase section */

/* Begin PBXGroup section */
		372B70AE2C5168D6009A6D0F /* Local-Package */ = {
			isa = PBXGroup;
			children = (
				372B70B12C5169DE009A6D0F /* APIInteractor */,
			);
			path = "Local-Package";
			sourceTree = "<group>";
		};
		37759C0D2C3C54D600B839F6 = {
			isa = PBXGroup;
			children = (
				37759C182C3C54D600B839F6 /* DBZ-Guide */,
				37759C2A2C3C54D700B839F6 /* DBZ-GuideTests */,
				37759C342C3C54D700B839F6 /* DBZ-GuideUITests */,
				37759C172C3C54D600B839F6 /* Products */,
			);
			sourceTree = "<group>";
		};
		37759C172C3C54D600B839F6 /* Products */ = {
			isa = PBXGroup;
			children = (
				37759C162C3C54D600B839F6 /* DBZ-Guide.app */,
				37759C272C3C54D700B839F6 /* DBZ-GuideTests.xctest */,
				37759C312C3C54D700B839F6 /* DBZ-GuideUITests.xctest */,
			);
			name = Products;
			sourceTree = "<group>";
		};
		37759C182C3C54D600B839F6 /* DBZ-Guide */ = {
			isa = PBXGroup;
			children = (
				372B70AE2C5168D6009A6D0F /* Local-Package */,
				378B1E9A2C3CE22E00F644D7 /* Types */,
				378B1E042C3C5F1900F644D7 /* Models */,
				37EC73842C5AC69F00FBACB0 /* Interactors */,
				378B1DFD2C3C5C8300F644D7 /* API */,
				378B1DF82C3C57BA00F644D7 /* Pages */,
				378B1EA22C3D9C8000F644D7 /* Views */,
				378A76A82C51761E008E199E /* Theme */,
				378A76AB2C5176B7008E199E /* Extensions */,
				37EC73892C5BF0B400FBACB0 /* Helpers */,
				37759C192C3C54D600B839F6 /* DBZ_GuideApp.swift */,
				37759C1B2C3C54D600B839F6 /* ContentView.swift */,
				37759C1D2C3C54D700B839F6 /* Assets.xcassets */,
				37759C1F2C3C54D700B839F6 /* DBZ_Guide.entitlements */,
				37759C202C3C54D700B839F6 /* Preview Content */,
			);
			path = "DBZ-Guide";
			sourceTree = "<group>";
		};
		37759C202C3C54D700B839F6 /* Preview Content */ = {
			isa = PBXGroup;
			children = (
				37759C212C3C54D700B839F6 /* Preview Assets.xcassets */,
			);
			path = "Preview Content";
			sourceTree = "<group>";
		};
		37759C2A2C3C54D700B839F6 /* DBZ-GuideTests */ = {
			isa = PBXGroup;
			children = (
				37759C2B2C3C54D700B839F6 /* DBZ_GuideTests.swift */,
			);
			path = "DBZ-GuideTests";
			sourceTree = "<group>";
		};
		37759C342C3C54D700B839F6 /* DBZ-GuideUITests */ = {
			isa = PBXGroup;
			children = (
				37759C352C3C54D700B839F6 /* DBZ_GuideUITests.swift */,
				37759C372C3C54D700B839F6 /* DBZ_GuideUITestsLaunchTests.swift */,
			);
			path = "DBZ-GuideUITests";
			sourceTree = "<group>";
		};
		378A76A82C51761E008E199E /* Theme */ = {
			isa = PBXGroup;
			children = (
				378A76A92C517637008E199E /* Theme.swift */,
			);
			path = Theme;
			sourceTree = "<group>";
		};
		378A76AB2C5176B7008E199E /* Extensions */ = {
			isa = PBXGroup;
			children = (
				378A76AC2C5176C7008E199E /* UIColor+Extensions.swift */,
				378A76AE2C51774A008E199E /* Color+Extensions.swift */,
			);
			path = Extensions;
			sourceTree = "<group>";
		};
		378B1DF82C3C57BA00F644D7 /* Pages */ = {
			isa = PBXGroup;
			children = (
				37EC737D2C5ABC7E00FBACB0 /* Character List */,
				378B1DFB2C3C57E700F644D7 /* HomeTabView.swift */,
			);
			path = Pages;
			sourceTree = "<group>";
		};
		378B1DFD2C3C5C8300F644D7 /* API */ = {
			isa = PBXGroup;
			children = (
				378B1E002C3C5D1F00F644D7 /* EndpointProvider.swift */,
				378B1E0F2C3C640600F644D7 /* ApiService.swift */,
				378B1E982C3CDBDE00F644D7 /* DBZEndpoint.swift */,
				378B1E9E2C3D943C00F644D7 /* APIParameterProvider.swift */,
				37EC73802C5ABF6500FBACB0 /* PageManager.swift */,
			);
			path = API;
			sourceTree = "<group>";
		};
		378B1E042C3C5F1900F644D7 /* Models */ = {
			isa = PBXGroup;
			children = (
				378B1E112C3C658100F644D7 /* GenericPagedResponse.swift */,
				378B1E052C3C5F2D00F644D7 /* Character.swift */,
				378B1E092C3C623500F644D7 /* Planet.swift */,
				378B1E0B2C3C62B100F644D7 /* Transformation.swift */,
			);
			path = Models;
			sourceTree = "<group>";
		};
		378B1E9A2C3CE22E00F644D7 /* Types */ = {
			isa = PBXGroup;
			children = (
				378B1E9C2C3CE25100F644D7 /* AppError.swift */,
			);
			path = Types;
			sourceTree = "<group>";
		};
		378B1EA22C3D9C8000F644D7 /* Views */ = {
			isa = PBXGroup;
			children = (
				378B1EA52C3D9CB800F644D7 /* Character */,
			);
			path = Views;
			sourceTree = "<group>";
		};
		378B1EA52C3D9CB800F644D7 /* Character */ = {
			isa = PBXGroup;
			children = (
				378B1EA32C3D9CB300F644D7 /* CharacterCard.swift */,
				378B1EA62C3D9CCF00F644D7 /* CharacterCardViewModel.swift */,
			);
			path = Character;
			sourceTree = "<group>";
		};
		37EC737D2C5ABC7E00FBACB0 /* Character List */ = {
			isa = PBXGroup;
			children = (
				378B1EA02C3D9C0600F644D7 /* CharacterList.swift */,
				37EC737E2C5ABC9000FBACB0 /* CharacterListViewModel.swift */,
			);
			path = "Character List";
			sourceTree = "<group>";
		};
		37EC73842C5AC69F00FBACB0 /* Interactors */ = {
			isa = PBXGroup;
			children = (
				37EC73852C5AC6B000FBACB0 /* CharacterInteractor.swift */,
			);
			path = Interactors;
			sourceTree = "<group>";
		};
		37EC73892C5BF0B400FBACB0 /* Helpers */ = {
			isa = PBXGroup;
			children = (
				37EC738A2C5BF0CA00FBACB0 /* DeviceType.swift */,
			);
			path = Helpers;
			sourceTree = "<group>";
		};
/* End PBXGroup section */

/* Begin PBXNativeTarget section */
		37759C152C3C54D600B839F6 /* DBZ-Guide */ = {
			isa = PBXNativeTarget;
			buildConfigurationList = 37759C3B2C3C54D700B839F6 /* Build configuration list for PBXNativeTarget "DBZ-Guide" */;
			buildPhases = (
				37759C122C3C54D600B839F6 /* Sources */,
				37759C132C3C54D600B839F6 /* Frameworks */,
				37759C142C3C54D600B839F6 /* Resources */,
			);
			buildRules = (
			);
			dependencies = (
			);
			name = "DBZ-Guide";
			packageProductDependencies = (
				378B1EA92C3D9F4000F644D7 /* Kingfisher */,
				376D2CC42C4740A000424544 /* APIInteractor */,
				376D2CCB2C4742E100424544 /* APIInteractor */,
			);
			productName = "DBZ-Guide";
			productReference = 37759C162C3C54D600B839F6 /* DBZ-Guide.app */;
			productType = "com.apple.product-type.application";
		};
		37759C262C3C54D700B839F6 /* DBZ-GuideTests */ = {
			isa = PBXNativeTarget;
			buildConfigurationList = 37759C3E2C3C54D700B839F6 /* Build configuration list for PBXNativeTarget "DBZ-GuideTests" */;
			buildPhases = (
				37759C232C3C54D700B839F6 /* Sources */,
				37759C242C3C54D700B839F6 /* Frameworks */,
				37759C252C3C54D700B839F6 /* Resources */,
			);
			buildRules = (
			);
			dependencies = (
				37759C292C3C54D700B839F6 /* PBXTargetDependency */,
			);
			name = "DBZ-GuideTests";
			productName = "DBZ-GuideTests";
			productReference = 37759C272C3C54D700B839F6 /* DBZ-GuideTests.xctest */;
			productType = "com.apple.product-type.bundle.unit-test";
		};
		37759C302C3C54D700B839F6 /* DBZ-GuideUITests */ = {
			isa = PBXNativeTarget;
			buildConfigurationList = 37759C412C3C54D700B839F6 /* Build configuration list for PBXNativeTarget "DBZ-GuideUITests" */;
			buildPhases = (
				37759C2D2C3C54D700B839F6 /* Sources */,
				37759C2E2C3C54D700B839F6 /* Frameworks */,
				37759C2F2C3C54D700B839F6 /* Resources */,
			);
			buildRules = (
			);
			dependencies = (
				37759C332C3C54D700B839F6 /* PBXTargetDependency */,
			);
			name = "DBZ-GuideUITests";
			productName = "DBZ-GuideUITests";
			productReference = 37759C312C3C54D700B839F6 /* DBZ-GuideUITests.xctest */;
			productType = "com.apple.product-type.bundle.ui-testing";
		};
/* End PBXNativeTarget section */

/* Begin PBXProject section */
		37759C0E2C3C54D600B839F6 /* Project object */ = {
			isa = PBXProject;
			attributes = {
				BuildIndependentTargetsInParallel = 1;
				LastSwiftUpdateCheck = 1600;
				LastUpgradeCheck = 1600;
				TargetAttributes = {
					37759C152C3C54D600B839F6 = {
						CreatedOnToolsVersion = 16.0;
					};
					37759C262C3C54D700B839F6 = {
						CreatedOnToolsVersion = 16.0;
						TestTargetID = 37759C152C3C54D600B839F6;
					};
					37759C302C3C54D700B839F6 = {
						CreatedOnToolsVersion = 16.0;
						TestTargetID = 37759C152C3C54D600B839F6;
					};
				};
			};
			buildConfigurationList = 37759C112C3C54D600B839F6 /* Build configuration list for PBXProject "DBZ-Guide" */;
			compatibilityVersion = "Xcode 15.0";
			developmentRegion = en;
			hasScannedForEncodings = 0;
			knownRegions = (
				en,
				Base,
			);
			mainGroup = 37759C0D2C3C54D600B839F6;
			packageReferences = (
				378B1EA82C3D9F4000F644D7 /* XCRemoteSwiftPackageReference "Kingfisher" */,
				372B70AD2C516819009A6D0F /* XCRemoteSwiftPackageReference "APIInteractor" */,
			);
			productRefGroup = 37759C172C3C54D600B839F6 /* Products */;
			projectDirPath = "";
			projectRoot = "";
			targets = (
				37759C152C3C54D600B839F6 /* DBZ-Guide */,
				37759C262C3C54D700B839F6 /* DBZ-GuideTests */,
				37759C302C3C54D700B839F6 /* DBZ-GuideUITests */,
			);
		};
/* End PBXProject section */

/* Begin PBXResourcesBuildPhase section */
		37759C142C3C54D600B839F6 /* Resources */ = {
			isa = PBXResourcesBuildPhase;
			buildActionMask = 2147483647;
			files = (
				37759C222C3C54D700B839F6 /* Preview Assets.xcassets in Resources */,
				372B70B22C5169DE009A6D0F /* APIInteractor in Resources */,
				37759C1E2C3C54D700B839F6 /* Assets.xcassets in Resources */,
			);
			runOnlyForDeploymentPostprocessing = 0;
		};
		37759C252C3C54D700B839F6 /* Resources */ = {
			isa = PBXResourcesBuildPhase;
			buildActionMask = 2147483647;
			files = (
			);
			runOnlyForDeploymentPostprocessing = 0;
		};
		37759C2F2C3C54D700B839F6 /* Resources */ = {
			isa = PBXResourcesBuildPhase;
			buildActionMask = 2147483647;
			files = (
			);
			runOnlyForDeploymentPostprocessing = 0;
		};
/* End PBXResourcesBuildPhase section */

/* Begin PBXSourcesBuildPhase section */
		37759C122C3C54D600B839F6 /* Sources */ = {
			isa = PBXSourcesBuildPhase;
			buildActionMask = 2147483647;
			files = (
				378B1E992C3CDBDE00F644D7 /* DBZEndpoint.swift in Sources */,
				378B1EA12C3D9C0600F644D7 /* CharacterList.swift in Sources */,
				378B1DFC2C3C57E700F644D7 /* HomeTabView.swift in Sources */,
				37759C1C2C3C54D600B839F6 /* ContentView.swift in Sources */,
				378B1E9F2C3D943C00F644D7 /* APIParameterProvider.swift in Sources */,
				378B1E062C3C5F2D00F644D7 /* Character.swift in Sources */,
				378B1E0A2C3C623500F644D7 /* Planet.swift in Sources */,
				378B1EA42C3D9CB300F644D7 /* CharacterCard.swift in Sources */,
				378B1EA72C3D9CCF00F644D7 /* CharacterCardViewModel.swift in Sources */,
				378A76AA2C517637008E199E /* Theme.swift in Sources */,
				378B1E122C3C658100F644D7 /* GenericPagedResponse.swift in Sources */,
				378A76AF2C51774A008E199E /* Color+Extensions.swift in Sources */,
				378B1E102C3C640600F644D7 /* ApiService.swift in Sources */,
				37EC73862C5AC6B000FBACB0 /* CharacterInteractor.swift in Sources */,
				37759C1A2C3C54D600B839F6 /* DBZ_GuideApp.swift in Sources */,
				378B1E012C3C5D1F00F644D7 /* EndpointProvider.swift in Sources */,
				378B1E0C2C3C62B100F644D7 /* Transformation.swift in Sources */,
				37EC73812C5ABF6500FBACB0 /* PageManager.swift in Sources */,
				378A76AD2C5176C7008E199E /* UIColor+Extensions.swift in Sources */,
				37EC738B2C5BF0CA00FBACB0 /* DeviceType.swift in Sources */,
				378B1E9D2C3CE25100F644D7 /* AppError.swift in Sources */,
				37EC737F2C5ABC9000FBACB0 /* CharacterListViewModel.swift in Sources */,
			);
			runOnlyForDeploymentPostprocessing = 0;
		};
		37759C232C3C54D700B839F6 /* Sources */ = {
			isa = PBXSourcesBuildPhase;
			buildActionMask = 2147483647;
			files = (
				37759C2C2C3C54D700B839F6 /* DBZ_GuideTests.swift in Sources */,
			);
			runOnlyForDeploymentPostprocessing = 0;
		};
		37759C2D2C3C54D700B839F6 /* Sources */ = {
			isa = PBXSourcesBuildPhase;
			buildActionMask = 2147483647;
			files = (
				37759C382C3C54D700B839F6 /* DBZ_GuideUITestsLaunchTests.swift in Sources */,
				37759C362C3C54D700B839F6 /* DBZ_GuideUITests.swift in Sources */,
			);
			runOnlyForDeploymentPostprocessing = 0;
		};
/* End PBXSourcesBuildPhase section */

/* Begin PBXTargetDependency section */
		37759C292C3C54D700B839F6 /* PBXTargetDependency */ = {
			isa = PBXTargetDependency;
			target = 37759C152C3C54D600B839F6 /* DBZ-Guide */;
			targetProxy = 37759C282C3C54D700B839F6 /* PBXContainerItemProxy */;
		};
		37759C332C3C54D700B839F6 /* PBXTargetDependency */ = {
			isa = PBXTargetDependency;
			target = 37759C152C3C54D600B839F6 /* DBZ-Guide */;
			targetProxy = 37759C322C3C54D700B839F6 /* PBXContainerItemProxy */;
		};
/* End PBXTargetDependency section */

/* Begin XCBuildConfiguration section */
		37759C392C3C54D700B839F6 /* Debug */ = {
			isa = XCBuildConfiguration;
			buildSettings = {
				ALWAYS_SEARCH_USER_PATHS = NO;
				ASSETCATALOG_COMPILER_GENERATE_SWIFT_ASSET_SYMBOL_EXTENSIONS = YES;
				CLANG_ANALYZER_NONNULL = YES;
				CLANG_ANALYZER_NUMBER_OBJECT_CONVERSION = YES_AGGRESSIVE;
				CLANG_CXX_LANGUAGE_STANDARD = "gnu++20";
				CLANG_ENABLE_MODULES = YES;
				CLANG_ENABLE_OBJC_ARC = YES;
				CLANG_ENABLE_OBJC_WEAK = YES;
				CLANG_WARN_BLOCK_CAPTURE_AUTORELEASING = YES;
				CLANG_WARN_BOOL_CONVERSION = YES;
				CLANG_WARN_COMMA = YES;
				CLANG_WARN_CONSTANT_CONVERSION = YES;
				CLANG_WARN_DEPRECATED_OBJC_IMPLEMENTATIONS = YES;
				CLANG_WARN_DIRECT_OBJC_ISA_USAGE = YES_ERROR;
				CLANG_WARN_DOCUMENTATION_COMMENTS = YES;
				CLANG_WARN_EMPTY_BODY = YES;
				CLANG_WARN_ENUM_CONVERSION = YES;
				CLANG_WARN_INFINITE_RECURSION = YES;
				CLANG_WARN_INT_CONVERSION = YES;
				CLANG_WARN_NON_LITERAL_NULL_CONVERSION = YES;
				CLANG_WARN_OBJC_IMPLICIT_RETAIN_SELF = YES;
				CLANG_WARN_OBJC_LITERAL_CONVERSION = YES;
				CLANG_WARN_OBJC_ROOT_CLASS = YES_ERROR;
				CLANG_WARN_QUOTED_INCLUDE_IN_FRAMEWORK_HEADER = YES;
				CLANG_WARN_RANGE_LOOP_ANALYSIS = YES;
				CLANG_WARN_STRICT_PROTOTYPES = YES;
				CLANG_WARN_SUSPICIOUS_MOVE = YES;
				CLANG_WARN_UNGUARDED_AVAILABILITY = YES_AGGRESSIVE;
				CLANG_WARN_UNREACHABLE_CODE = YES;
				CLANG_WARN__DUPLICATE_METHOD_MATCH = YES;
				COPY_PHASE_STRIP = NO;
				DEBUG_INFORMATION_FORMAT = dwarf;
				ENABLE_STRICT_OBJC_MSGSEND = YES;
				ENABLE_TESTABILITY = YES;
				ENABLE_USER_SCRIPT_SANDBOXING = YES;
				GCC_C_LANGUAGE_STANDARD = gnu17;
				GCC_DYNAMIC_NO_PIC = NO;
				GCC_NO_COMMON_BLOCKS = YES;
				GCC_OPTIMIZATION_LEVEL = 0;
				GCC_PREPROCESSOR_DEFINITIONS = (
					"DEBUG=1",
					"$(inherited)",
				);
				GCC_WARN_64_TO_32_BIT_CONVERSION = YES;
				GCC_WARN_ABOUT_RETURN_TYPE = YES_ERROR;
				GCC_WARN_UNDECLARED_SELECTOR = YES;
				GCC_WARN_UNINITIALIZED_AUTOS = YES_AGGRESSIVE;
				GCC_WARN_UNUSED_FUNCTION = YES;
				GCC_WARN_UNUSED_VARIABLE = YES;
				LOCALIZATION_PREFERS_STRING_CATALOGS = YES;
				MTL_ENABLE_DEBUG_INFO = INCLUDE_SOURCE;
				MTL_FAST_MATH = YES;
				ONLY_ACTIVE_ARCH = YES;
				SWIFT_ACTIVE_COMPILATION_CONDITIONS = "DEBUG $(inherited)";
				SWIFT_OPTIMIZATION_LEVEL = "-Onone";
			};
			name = Debug;
		};
		37759C3A2C3C54D700B839F6 /* Release */ = {
			isa = XCBuildConfiguration;
			buildSettings = {
				ALWAYS_SEARCH_USER_PATHS = NO;
				ASSETCATALOG_COMPILER_GENERATE_SWIFT_ASSET_SYMBOL_EXTENSIONS = YES;
				CLANG_ANALYZER_NONNULL = YES;
				CLANG_ANALYZER_NUMBER_OBJECT_CONVERSION = YES_AGGRESSIVE;
				CLANG_CXX_LANGUAGE_STANDARD = "gnu++20";
				CLANG_ENABLE_MODULES = YES;
				CLANG_ENABLE_OBJC_ARC = YES;
				CLANG_ENABLE_OBJC_WEAK = YES;
				CLANG_WARN_BLOCK_CAPTURE_AUTORELEASING = YES;
				CLANG_WARN_BOOL_CONVERSION = YES;
				CLANG_WARN_COMMA = YES;
				CLANG_WARN_CONSTANT_CONVERSION = YES;
				CLANG_WARN_DEPRECATED_OBJC_IMPLEMENTATIONS = YES;
				CLANG_WARN_DIRECT_OBJC_ISA_USAGE = YES_ERROR;
				CLANG_WARN_DOCUMENTATION_COMMENTS = YES;
				CLANG_WARN_EMPTY_BODY = YES;
				CLANG_WARN_ENUM_CONVERSION = YES;
				CLANG_WARN_INFINITE_RECURSION = YES;
				CLANG_WARN_INT_CONVERSION = YES;
				CLANG_WARN_NON_LITERAL_NULL_CONVERSION = YES;
				CLANG_WARN_OBJC_IMPLICIT_RETAIN_SELF = YES;
				CLANG_WARN_OBJC_LITERAL_CONVERSION = YES;
				CLANG_WARN_OBJC_ROOT_CLASS = YES_ERROR;
				CLANG_WARN_QUOTED_INCLUDE_IN_FRAMEWORK_HEADER = YES;
				CLANG_WARN_RANGE_LOOP_ANALYSIS = YES;
				CLANG_WARN_STRICT_PROTOTYPES = YES;
				CLANG_WARN_SUSPICIOUS_MOVE = YES;
				CLANG_WARN_UNGUARDED_AVAILABILITY = YES_AGGRESSIVE;
				CLANG_WARN_UNREACHABLE_CODE = YES;
				CLANG_WARN__DUPLICATE_METHOD_MATCH = YES;
				COPY_PHASE_STRIP = NO;
				DEBUG_INFORMATION_FORMAT = "dwarf-with-dsym";
				ENABLE_NS_ASSERTIONS = NO;
				ENABLE_STRICT_OBJC_MSGSEND = YES;
				ENABLE_USER_SCRIPT_SANDBOXING = YES;
				GCC_C_LANGUAGE_STANDARD = gnu17;
				GCC_NO_COMMON_BLOCKS = YES;
				GCC_WARN_64_TO_32_BIT_CONVERSION = YES;
				GCC_WARN_ABOUT_RETURN_TYPE = YES_ERROR;
				GCC_WARN_UNDECLARED_SELECTOR = YES;
				GCC_WARN_UNINITIALIZED_AUTOS = YES_AGGRESSIVE;
				GCC_WARN_UNUSED_FUNCTION = YES;
				GCC_WARN_UNUSED_VARIABLE = YES;
				LOCALIZATION_PREFERS_STRING_CATALOGS = YES;
				MTL_ENABLE_DEBUG_INFO = NO;
				MTL_FAST_MATH = YES;
				SWIFT_COMPILATION_MODE = wholemodule;
			};
			name = Release;
		};
		37759C3C2C3C54D700B839F6 /* Debug */ = {
			isa = XCBuildConfiguration;
			buildSettings = {
				ASSETCATALOG_COMPILER_APPICON_NAME = AppIcon;
				ASSETCATALOG_COMPILER_GLOBAL_ACCENT_COLOR_NAME = AccentColor;
				CODE_SIGN_ENTITLEMENTS = "DBZ-Guide/DBZ_Guide.entitlements";
				CODE_SIGN_STYLE = Automatic;
				CURRENT_PROJECT_VERSION = 1;
				DEVELOPMENT_ASSET_PATHS = "\"DBZ-Guide/Preview Content\"";
				DEVELOPMENT_TEAM = MWM578QRE5;
				ENABLE_HARDENED_RUNTIME = YES;
				ENABLE_PREVIEWS = YES;
				GENERATE_INFOPLIST_FILE = YES;
				"INFOPLIST_KEY_UIApplicationSceneManifest_Generation[sdk=iphoneos*]" = YES;
				"INFOPLIST_KEY_UIApplicationSceneManifest_Generation[sdk=iphonesimulator*]" = YES;
				"INFOPLIST_KEY_UIApplicationSupportsIndirectInputEvents[sdk=iphoneos*]" = YES;
				"INFOPLIST_KEY_UIApplicationSupportsIndirectInputEvents[sdk=iphonesimulator*]" = YES;
				"INFOPLIST_KEY_UILaunchScreen_Generation[sdk=iphoneos*]" = YES;
				"INFOPLIST_KEY_UILaunchScreen_Generation[sdk=iphonesimulator*]" = YES;
				"INFOPLIST_KEY_UIStatusBarStyle[sdk=iphoneos*]" = UIStatusBarStyleDefault;
				"INFOPLIST_KEY_UIStatusBarStyle[sdk=iphonesimulator*]" = UIStatusBarStyleDefault;
				INFOPLIST_KEY_UISupportedInterfaceOrientations_iPad = "UIInterfaceOrientationPortrait UIInterfaceOrientationPortraitUpsideDown UIInterfaceOrientationLandscapeLeft UIInterfaceOrientationLandscapeRight";
				INFOPLIST_KEY_UISupportedInterfaceOrientations_iPhone = "UIInterfaceOrientationPortrait UIInterfaceOrientationLandscapeLeft UIInterfaceOrientationLandscapeRight";
				IPHONEOS_DEPLOYMENT_TARGET = 18.0;
				LD_RUNPATH_SEARCH_PATHS = "@executable_path/Frameworks";
				"LD_RUNPATH_SEARCH_PATHS[sdk=macosx*]" = "@executable_path/../Frameworks";
				MACOSX_DEPLOYMENT_TARGET = 14.5;
				MARKETING_VERSION = 1.0;
				PRODUCT_BUNDLE_IDENTIFIER = "com.eborrowman.DBZ-Guide";
				PRODUCT_NAME = "$(TARGET_NAME)";
				SDKROOT = auto;
				SUPPORTED_PLATFORMS = "iphoneos iphonesimulator macosx xros xrsimulator";
				SWIFT_EMIT_LOC_STRINGS = YES;
				SWIFT_VERSION = 6.0;
				TARGETED_DEVICE_FAMILY = "1,2,7";
				XROS_DEPLOYMENT_TARGET = 2.0;
			};
			name = Debug;
		};
		37759C3D2C3C54D700B839F6 /* Release */ = {
			isa = XCBuildConfiguration;
			buildSettings = {
				ASSETCATALOG_COMPILER_APPICON_NAME = AppIcon;
				ASSETCATALOG_COMPILER_GLOBAL_ACCENT_COLOR_NAME = AccentColor;
				CODE_SIGN_ENTITLEMENTS = "DBZ-Guide/DBZ_Guide.entitlements";
				CODE_SIGN_STYLE = Automatic;
				CURRENT_PROJECT_VERSION = 1;
				DEVELOPMENT_ASSET_PATHS = "\"DBZ-Guide/Preview Content\"";
				DEVELOPMENT_TEAM = MWM578QRE5;
				ENABLE_HARDENED_RUNTIME = YES;
				ENABLE_PREVIEWS = YES;
				GENERATE_INFOPLIST_FILE = YES;
				"INFOPLIST_KEY_UIApplicationSceneManifest_Generation[sdk=iphoneos*]" = YES;
				"INFOPLIST_KEY_UIApplicationSceneManifest_Generation[sdk=iphonesimulator*]" = YES;
				"INFOPLIST_KEY_UIApplicationSupportsIndirectInputEvents[sdk=iphoneos*]" = YES;
				"INFOPLIST_KEY_UIApplicationSupportsIndirectInputEvents[sdk=iphonesimulator*]" = YES;
				"INFOPLIST_KEY_UILaunchScreen_Generation[sdk=iphoneos*]" = YES;
				"INFOPLIST_KEY_UILaunchScreen_Generation[sdk=iphonesimulator*]" = YES;
				"INFOPLIST_KEY_UIStatusBarStyle[sdk=iphoneos*]" = UIStatusBarStyleDefault;
				"INFOPLIST_KEY_UIStatusBarStyle[sdk=iphonesimulator*]" = UIStatusBarStyleDefault;
				INFOPLIST_KEY_UISupportedInterfaceOrientations_iPad = "UIInterfaceOrientationPortrait UIInterfaceOrientationPortraitUpsideDown UIInterfaceOrientationLandscapeLeft UIInterfaceOrientationLandscapeRight";
				INFOPLIST_KEY_UISupportedInterfaceOrientations_iPhone = "UIInterfaceOrientationPortrait UIInterfaceOrientationLandscapeLeft UIInterfaceOrientationLandscapeRight";
				IPHONEOS_DEPLOYMENT_TARGET = 18.0;
				LD_RUNPATH_SEARCH_PATHS = "@executable_path/Frameworks";
				"LD_RUNPATH_SEARCH_PATHS[sdk=macosx*]" = "@executable_path/../Frameworks";
				MACOSX_DEPLOYMENT_TARGET = 14.5;
				MARKETING_VERSION = 1.0;
				PRODUCT_BUNDLE_IDENTIFIER = "com.eborrowman.DBZ-Guide";
				PRODUCT_NAME = "$(TARGET_NAME)";
				SDKROOT = auto;
				SUPPORTED_PLATFORMS = "iphoneos iphonesimulator macosx xros xrsimulator";
				SWIFT_EMIT_LOC_STRINGS = YES;
				SWIFT_VERSION = 6.0;
				TARGETED_DEVICE_FAMILY = "1,2,7";
				XROS_DEPLOYMENT_TARGET = 2.0;
			};
			name = Release;
		};
		37759C3F2C3C54D700B839F6 /* Debug */ = {
			isa = XCBuildConfiguration;
			buildSettings = {
				BUNDLE_LOADER = "$(TEST_HOST)";
				CODE_SIGN_STYLE = Automatic;
				CURRENT_PROJECT_VERSION = 1;
				DEVELOPMENT_TEAM = MWM578QRE5;
				GENERATE_INFOPLIST_FILE = YES;
				IPHONEOS_DEPLOYMENT_TARGET = 18.0;
				MACOSX_DEPLOYMENT_TARGET = 14.5;
				MARKETING_VERSION = 1.0;
				PRODUCT_BUNDLE_IDENTIFIER = "com.eborrowman.DBZ-GuideTests";
				PRODUCT_NAME = "$(TARGET_NAME)";
				SDKROOT = auto;
				SUPPORTED_PLATFORMS = "iphoneos iphonesimulator macosx xros xrsimulator";
				SWIFT_EMIT_LOC_STRINGS = NO;
				SWIFT_VERSION = 5.0;
				TARGETED_DEVICE_FAMILY = "1,2,7";
				TEST_HOST = "$(BUILT_PRODUCTS_DIR)/DBZ-Guide.app/$(BUNDLE_EXECUTABLE_FOLDER_PATH)/DBZ-Guide";
				XROS_DEPLOYMENT_TARGET = 2.0;
			};
			name = Debug;
		};
		37759C402C3C54D700B839F6 /* Release */ = {
			isa = XCBuildConfiguration;
			buildSettings = {
				BUNDLE_LOADER = "$(TEST_HOST)";
				CODE_SIGN_STYLE = Automatic;
				CURRENT_PROJECT_VERSION = 1;
				DEVELOPMENT_TEAM = MWM578QRE5;
				GENERATE_INFOPLIST_FILE = YES;
				IPHONEOS_DEPLOYMENT_TARGET = 18.0;
				MACOSX_DEPLOYMENT_TARGET = 14.5;
				MARKETING_VERSION = 1.0;
				PRODUCT_BUNDLE_IDENTIFIER = "com.eborrowman.DBZ-GuideTests";
				PRODUCT_NAME = "$(TARGET_NAME)";
				SDKROOT = auto;
				SUPPORTED_PLATFORMS = "iphoneos iphonesimulator macosx xros xrsimulator";
				SWIFT_EMIT_LOC_STRINGS = NO;
				SWIFT_VERSION = 5.0;
				TARGETED_DEVICE_FAMILY = "1,2,7";
				TEST_HOST = "$(BUILT_PRODUCTS_DIR)/DBZ-Guide.app/$(BUNDLE_EXECUTABLE_FOLDER_PATH)/DBZ-Guide";
				XROS_DEPLOYMENT_TARGET = 2.0;
			};
			name = Release;
		};
		37759C422C3C54D700B839F6 /* Debug */ = {
			isa = XCBuildConfiguration;
			buildSettings = {
				CODE_SIGN_STYLE = Automatic;
				CURRENT_PROJECT_VERSION = 1;
				DEVELOPMENT_TEAM = MWM578QRE5;
				GENERATE_INFOPLIST_FILE = YES;
				IPHONEOS_DEPLOYMENT_TARGET = 18.0;
				MACOSX_DEPLOYMENT_TARGET = 14.5;
				MARKETING_VERSION = 1.0;
				PRODUCT_BUNDLE_IDENTIFIER = "com.eborrowman.DBZ-GuideUITests";
				PRODUCT_NAME = "$(TARGET_NAME)";
				SDKROOT = auto;
				SUPPORTED_PLATFORMS = "iphoneos iphonesimulator macosx xros xrsimulator";
				SWIFT_EMIT_LOC_STRINGS = NO;
				SWIFT_VERSION = 5.0;
				TARGETED_DEVICE_FAMILY = "1,2,7";
				TEST_TARGET_NAME = "DBZ-Guide";
				XROS_DEPLOYMENT_TARGET = 2.0;
			};
			name = Debug;
		};
		37759C432C3C54D700B839F6 /* Release */ = {
			isa = XCBuildConfiguration;
			buildSettings = {
				CODE_SIGN_STYLE = Automatic;
				CURRENT_PROJECT_VERSION = 1;
				DEVELOPMENT_TEAM = MWM578QRE5;
				GENERATE_INFOPLIST_FILE = YES;
				IPHONEOS_DEPLOYMENT_TARGET = 18.0;
				MACOSX_DEPLOYMENT_TARGET = 14.5;
				MARKETING_VERSION = 1.0;
				PRODUCT_BUNDLE_IDENTIFIER = "com.eborrowman.DBZ-GuideUITests";
				PRODUCT_NAME = "$(TARGET_NAME)";
				SDKROOT = auto;
				SUPPORTED_PLATFORMS = "iphoneos iphonesimulator macosx xros xrsimulator";
				SWIFT_EMIT_LOC_STRINGS = NO;
				SWIFT_VERSION = 5.0;
				TARGETED_DEVICE_FAMILY = "1,2,7";
				TEST_TARGET_NAME = "DBZ-Guide";
				XROS_DEPLOYMENT_TARGET = 2.0;
			};
			name = Release;
		};
/* End XCBuildConfiguration section */

/* Begin XCConfigurationList section */
		37759C112C3C54D600B839F6 /* Build configuration list for PBXProject "DBZ-Guide" */ = {
			isa = XCConfigurationList;
			buildConfigurations = (
				37759C392C3C54D700B839F6 /* Debug */,
				37759C3A2C3C54D700B839F6 /* Release */,
			);
			defaultConfigurationIsVisible = 0;
			defaultConfigurationName = Release;
		};
		37759C3B2C3C54D700B839F6 /* Build configuration list for PBXNativeTarget "DBZ-Guide" */ = {
			isa = XCConfigurationList;
			buildConfigurations = (
				37759C3C2C3C54D700B839F6 /* Debug */,
				37759C3D2C3C54D700B839F6 /* Release */,
			);
			defaultConfigurationIsVisible = 0;
			defaultConfigurationName = Release;
		};
		37759C3E2C3C54D700B839F6 /* Build configuration list for PBXNativeTarget "DBZ-GuideTests" */ = {
			isa = XCConfigurationList;
			buildConfigurations = (
				37759C3F2C3C54D700B839F6 /* Debug */,
				37759C402C3C54D700B839F6 /* Release */,
			);
			defaultConfigurationIsVisible = 0;
			defaultConfigurationName = Release;
		};
		37759C412C3C54D700B839F6 /* Build configuration list for PBXNativeTarget "DBZ-GuideUITests" */ = {
			isa = XCConfigurationList;
			buildConfigurations = (
				37759C422C3C54D700B839F6 /* Debug */,
				37759C432C3C54D700B839F6 /* Release */,
			);
			defaultConfigurationIsVisible = 0;
			defaultConfigurationName = Release;
		};
/* End XCConfigurationList section */

/* Begin XCRemoteSwiftPackageReference section */
		372B70AD2C516819009A6D0F /* XCRemoteSwiftPackageReference "APIInteractor" */ = {
			isa = XCRemoteSwiftPackageReference;
			repositoryURL = "https://github.com/EthanDB17/APIInteractor";
			requirement = {
				branch = main;
				kind = branch;
			};
		};
		378B1EA82C3D9F4000F644D7 /* XCRemoteSwiftPackageReference "Kingfisher" */ = {
			isa = XCRemoteSwiftPackageReference;
			repositoryURL = "https://github.com/onevcat/Kingfisher.git";
			requirement = {
				kind = revision;
				revision = b132babaf92ae4e4352e4918770427b345887e82;
			};
		};
/* End XCRemoteSwiftPackageReference section */

/* Begin XCSwiftPackageProductDependency section */
		376D2CC42C4740A000424544 /* APIInteractor */ = {
			isa = XCSwiftPackageProductDependency;
			productName = APIInteractor;
		};
		376D2CCB2C4742E100424544 /* APIInteractor */ = {
			isa = XCSwiftPackageProductDependency;
			productName = APIInteractor;
		};
		378B1EA92C3D9F4000F644D7 /* Kingfisher */ = {
			isa = XCSwiftPackageProductDependency;
			package = 378B1EA82C3D9F4000F644D7 /* XCRemoteSwiftPackageReference "Kingfisher" */;
			productName = Kingfisher;
		};
/* End XCSwiftPackageProductDependency section */
	};
	rootObject = 37759C0E2C3C54D600B839F6 /* Project object */;
}
